// !$*UTF8*$!
{
	archiveVersion = 1;
	classes = {
	};
	objectVersion = 46;
	objects = {

/* Begin PBXBuildFile section */
		E01129D11DA9EE9200BB4B7E /* AppDelegate.swift in Sources */ = {isa = PBXBuildFile; fileRef = E01129D01DA9EE9200BB4B7E /* AppDelegate.swift */; };
		E01129D31DA9EE9200BB4B7E /* ViewController.swift in Sources */ = {isa = PBXBuildFile; fileRef = E01129D21DA9EE9200BB4B7E /* ViewController.swift */; };
		E01129D61DA9EE9200BB4B7E /* Main.storyboard in Resources */ = {isa = PBXBuildFile; fileRef = E01129D41DA9EE9200BB4B7E /* Main.storyboard */; };
		E01129D81DA9EE9200BB4B7E /* Assets.xcassets in Resources */ = {isa = PBXBuildFile; fileRef = E01129D71DA9EE9200BB4B7E /* Assets.xcassets */; };
		E01129DB1DA9EE9200BB4B7E /* LaunchScreen.storyboard in Resources */ = {isa = PBXBuildFile; fileRef = E01129D91DA9EE9200BB4B7E /* LaunchScreen.storyboard */; };
/* End PBXBuildFile section */

/* Begin PBXFileReference section */
		E01129CD1DA9EE9200BB4B7E /* familyGuyApp.app */ = {isa = PBXFileReference; explicitFileType = wrapper.application; includeInIndex = 0; path = familyGuyApp.app; sourceTree = BUILT_PRODUCTS_DIR; };
		E01129D01DA9EE9200BB4B7E /* AppDelegate.swift */ = {isa = PBXFileReference; lastKnownFileType = sourcecode.swift; path = AppDelegate.swift; sourceTree = "<group>"; };
		E01129D21DA9EE9200BB4B7E /* ViewController.swift */ = {isa = PBXFileReference; lastKnownFileType = sourcecode.swift; path = ViewController.swift; sourceTree = "<group>"; };
		E01129D51DA9EE9200BB4B7E /* Base */ = {isa = PBXFileReference; lastKnownFileType = file.storyboard; name = Base; path = Base.lproj/Main.storyboard; sourceTree = "<group>"; };
		E01129D71DA9EE9200BB4B7E /* Assets.xcassets */ = {isa = PBXFileReference; lastKnownFileType = folder.assetcatalog; path = Assets.xcassets; sourceTree = "<group>"; };
		E01129DA1DA9EE9200BB4B7E /* Base */ = {isa = PBXFileReference; lastKnownFileType = file.storyboard; name = Base; path = Base.lproj/LaunchScreen.storyboard; sourceTree = "<group>"; };
		E01129DC1DA9EE9200BB4B7E /* Info.plist */ = {isa = PBXFileReference; lastKnownFileType = text.plist.xml; path = Info.plist; sourceTree = "<group>"; };
/* End PBXFileReference section */

/* Begin PBXFrameworksBuildPhase section */
		E01129CA1DA9EE9100BB4B7E /* Frameworks */ = {
			isa = PBXFrameworksBuildPhase;
			buildActionMask = 2147483647;
			files = (
			);
			runOnlyForDeploymentPostprocessing = 0;
		};
/* End PBXFrameworksBuildPhase section */

/* Begin PBXGroup section */
		E01129C41DA9EE9100BB4B7E = {
			isa = PBXGroup;
			children = (
				E01129CF1DA9EE9200BB4B7E /* familyGuyApp */,
				E01129CE1DA9EE9200BB4B7E /* Products */,
			);
			sourceTree = "<group>";
		};
		E01129CE1DA9EE9200BB4B7E /* Products */ = {
			isa = PBXGroup;
			children = (
				E01129CD1DA9EE9200BB4B7E /* familyGuyApp.app */,
			);
			name = Products;
			sourceTree = "<group>";
		};
		E01129CF1DA9EE9200BB4B7E /* familyGuyApp */ = {
			isa = PBXGroup;
			children = (
				E01129D01DA9EE9200BB4B7E /* AppDelegate.swift */,
				E01129D21DA9EE9200BB4B7E /* ViewController.swift */,
				E01129D41DA9EE9200BB4B7E /* Main.storyboard */,
				E01129D71DA9EE9200BB4B7E /* Assets.xcassets */,
				E01129D91DA9EE9200BB4B7E /* LaunchScreen.storyboard */,
				E01129DC1DA9EE9200BB4B7E /* Info.plist */,
			);
			path = familyGuyApp;
			sourceTree = "<group>";
		};
/* End PBXGroup section */

/* Begin PBXNativeTarget section */
		E01129CC1DA9EE9100BB4B7E /* familyGuyApp */ = {
			isa = PBXNativeTarget;
			buildConfigurationList = E01129DF1DA9EE9200BB4B7E /* Build configuration list for PBXNativeTarget "familyGuyApp" */;
			buildPhases = (
				E01129C91DA9EE9100BB4B7E /* Sources */,
				E01129CA1DA9EE9100BB4B7E /* Frameworks */,
				E01129CB1DA9EE9100BB4B7E /* Resources */,
			);
			buildRules = (
			);
			dependencies = (
			);
			name = familyGuyApp;
			productName = familyGuyApp;
			productReference = E01129CD1DA9EE9200BB4B7E /* familyGuyApp.app */;
			productType = "com.apple.product-type.application";
		};
/* End PBXNativeTarget section */

/* Begin PBXProject section */
		E01129C51DA9EE9100BB4B7E /* Project object */ = {
			isa = PBXProject;
			attributes = {
				LastSwiftUpdateCheck = 0810;
				LastUpgradeCheck = 0810;
				ORGANIZATIONNAME = "Geovanny Galeano";
				TargetAttributes = {
					E01129CC1DA9EE9100BB4B7E = {
						CreatedOnToolsVersion = 8.1;
						ProvisioningStyle = Automatic;
					};
				};
			};
			buildConfigurationList = E01129C81DA9EE9100BB4B7E /* Build configuration list for PBXProject "familyGuyApp" */;
			compatibilityVersion = "Xcode 3.2";
			developmentRegion = English;
			hasScannedForEncodings = 0;
			knownRegions = (
				en,
				Base,
			);
			mainGroup = E01129C41DA9EE9100BB4B7E;
			productRefGroup = E01129CE1DA9EE9200BB4B7E /* Products */;
			projectDirPath = "";
			projectRoot = "";
			targets = (
				E01129CC1DA9EE9100BB4B7E /* familyGuyApp */,
			);
		};
/* End PBXProject section */

/* Begin PBXResourcesBuildPhase section */
		E01129CB1DA9EE9100BB4B7E /* Resources */ = {
			isa = PBXResourcesBuildPhase;
			buildActionMask = 2147483647;
			files = (
				E01129DB1DA9EE9200BB4B7E /* LaunchScreen.storyboard in Resources */,
				E01129D81DA9EE9200BB4B7E /* Assets.xcassets in Resources */,
				E01129D61DA9EE9200BB4B7E /* Main.storyboard in Resources */,
			);
			runOnlyForDeploymentPostprocessing = 0;
		};
/* End PBXResourcesBuildPhase section */

/* Begin PBXSourcesBuildPhase section */
		E01129C91DA9EE9100BB4B7E /* Sources */ = {
			isa = PBXSourcesBuildPhase;
			buildActionMask = 2147483647;
			files = (
				E01129D31DA9EE9200BB4B7E /* ViewController.swift in Sources */,
				E01129D11DA9EE9200BB4B7E /* AppDelegate.swift in Sources */,
			);
			runOnlyForDeploymentPostprocessing = 0;
		};
/* End PBXSourcesBuildPhase section */

/* Begin PBXVariantGroup section */
		E01129D41DA9EE9200BB4B7E /* Main.storyboard */ = {
			isa = PBXVariantGroup;
			children = (
				E01129D51DA9EE9200BB4B7E /* Base */,
			);
			name = Main.storyboard;
			sourceTree = "<group>";
		};
		E01129D91DA9EE9200BB4B7E /* LaunchScreen.storyboard */ = {
			isa = PBXVariantGroup;
			children = (
				E01129DA1DA9EE9200BB4B7E /* Base */,
			);
			name = LaunchScreen.storyboard;
			sourceTree = "<group>";
		};
/* End PBXVariantGroup section */

/* Begin XCBuildConfiguration section */
		E01129DD1DA9EE9200BB4B7E /* Debug */ = {
			isa = XCBuildConfiguration;
			buildSettings = {
				ALWAYS_SEARCH_USER_PATHS = NO;
				CLANG_ANALYZER_NONNULL = YES;
				CLANG_CXX_LANGUAGE_STANDARD = "gnu++0x";
				CLANG_CXX_LIBRARY = "libc++";
				CLANG_ENABLE_MODULES = YES;
				CLANG_ENABLE_OBJC_ARC = YES;
				CLANG_WARN_BOOL_CONVERSION = YES;
				CLANG_WARN_CONSTANT_CONVERSION = YES;
				CLANG_WARN_DIRECT_OBJC_ISA_USAGE = YES_ERROR;
				CLANG_WARN_DOCUMENTATION_COMMENTS = YES;
				CLANG_WARN_EMPTY_BODY = YES;
				CLANG_WARN_ENUM_CONVERSION = YES;
				CLANG_WARN_INFINITE_RECURSION = YES;
				CLANG_WARN_INT_CONVERSION = YES;
				CLANG_WARN_OBJC_ROOT_CLASS = YES_ERROR;
				CLANG_WARN_SUSPICIOUS_MOVES = YES;
				CLANG_WARN_UNREACHABLE_CODE = YES;
				CLANG_WARN__DUPLICATE_METHOD_MATCH = YES;
				"CODE_SIGN_IDENTITY[sdk=iphoneos*]" = "iPhone Developer";
				COPY_PHASE_STRIP = NO;
				DEBUG_INFORMATION_FORMAT = dwarf;
				ENABLE_STRICT_OBJC_MSGSEND = YES;
				ENABLE_TESTABILITY = YES;
				GCC_C_LANGUAGE_STANDARD = gnu99;
				GCC_DYNAMIC_NO_PIC = NO;
				GCC_NO_COMMON_BLOCKS = YES;
				GCC_OPTIMIZATION_LEVEL = 0;
				GCC_PREPROCESSOR_DEFINITIONS = (
					"DEBUG=1",
					"$(inherited)",
				);
				GCC_WARN_64_TO_32_BIT_CONVERSION = YES;
				GCC_WARN_ABOUT_RETURN_TYPE = YES_ERROR;
				GCC_WARN_UNDECLARED_SELECTOR = YES;
				GCC_WARN_UNINITIALIZED_AUTOS = YES_AGGRESSIVE;
				GCC_WARN_UNUSED_FUNCTION = YES;
				GCC_WARN_UNUSED_VARIABLE = YES;
				IPHONEOS_DEPLOYMENT_TARGET = 10.1;
				MTL_ENABLE_DEBUG_INFO = YES;
				ONLY_ACTIVE_ARCH = YES;
				SDKROOT = iphoneos;
				SWIFT_ACTIVE_COMPILATION_CONDITIONS = DEBUG;
				SWIFT_OPTIMIZATION_LEVEL = "-Onone";
			};
			name = Debug;
		};
		E01129DE1DA9EE9200BB4B7E /* Release */ = {
			isa = XCBuildConfiguration;
			buildSettings = {
				ALWAYS_SEARCH_USER_PATHS = NO;
				CLANG_ANALYZER_NONNULL = YES;
				CLANG_CXX_LANGUAGE_STANDARD = "gnu++0x";
				CLANG_CXX_LIBRARY = "libc++";
				CLANG_ENABLE_MODULES = YES;
				CLANG_ENABLE_OBJC_ARC = YES;
				CLANG_WARN_BOOL_CONVERSION = YES;
				CLANG_WARN_CONSTANT_CONVERSION = YES;
				CLANG_WARN_DIRECT_OBJC_ISA_USAGE = YES_ERROR;
				CLANG_WARN_DOCUMENTATION_COMMENTS = YES;
				CLANG_WARN_EMPTY_BODY = YES;
				CLANG_WARN_ENUM_CONVERSION = YES;
				CLANG_WARN_INFINITE_RECURSION = YES;
				CLANG_WARN_INT_CONVERSION = YES;
				CLANG_WARN_OBJC_ROOT_CLASS = YES_ERROR;
				CLANG_WARN_SUSPICIOUS_MOVES = YES;
				CLANG_WARN_UNREACHABLE_CODE = YES;
				CLANG_WARN__DUPLICATE_METHOD_MATCH = YES;
				"CODE_SIGN_IDENTITY[sdk=iphoneos*]" = "iPhone Developer";
				COPY_PHASE_STRIP = NO;
				DEBUG_INFORMATION_FORMAT = "dwarf-with-dsym";
				ENABLE_NS_ASSERTIONS = NO;
				ENABLE_STRICT_OBJC_MSGSEND = YES;
				GCC_C_LANGUAGE_STANDARD = gnu99;
				GCC_NO_COMMON_BLOCKS = YES;
				GCC_WARN_64_TO_32_BIT_CONVERSION = YES;
				GCC_WARN_ABOUT_RETURN_TYPE = YES_ERROR;
				GCC_WARN_UNDECLARED_SELECTOR = YES;
				GCC_WARN_UNINITIALIZED_AUTOS = YES_AGGRESSIVE;
				GCC_WARN_UNUSED_FUNCTION = YES;
				GCC_WARN_UNUSED_VARIABLE = YES;
				IPHONEOS_DEPLOYMENT_TARGET = 10.1;
				MTL_ENABLE_DEBUG_INFO = NO;
				SDKROOT = iphoneos;
				SWIFT_OPTIMIZATION_LEVEL = "-Owholemodule";
				VALIDATE_PRODUCT = YES;
			};
			name = Release;
		};
		E01129E01DA9EE9200BB4B7E /* Debug */ = {
			isa = XCBuildConfiguration;
			buildSettings = {
				ASSETCATALOG_COMPILER_APPICON_NAME = AppIcon;
				INFOPLIST_FILE = familyGuyApp/Info.plist;
				LD_RUNPATH_SEARCH_PATHS = "$(inherited) @executable_path/Frameworks";
				PRODUCT_BUNDLE_IDENTIFIER = com.geo.gham.familyGuyApp;
				PRODUCT_NAME = "$(TARGET_NAME)";
				SWIFT_VERSION = 3.0;
			};
			name = Debug;
		};
		E01129E11DA9EE9200BB4B7E /* Release */ = {
			isa = XCBuildConfiguration;
			buildSettings = {
				ASSETCATALOG_COMPILER_APPICON_NAME = AppIcon;
				INFOPLIST_FILE = familyGuyApp/Info.plist;
				LD_RUNPATH_SEARCH_PATHS = "$(inherited) @executable_path/Frameworks";
				PRODUCT_BUNDLE_IDENTIFIER = com.geo.gham.familyGuyApp;
				PRODUCT_NAME = "$(TARGET_NAME)";
				SWIFT_VERSION = 3.0;
			};
			name = Release;
		};
/* End XCBuildConfiguration section */

/* Begin XCConfigurationList section */
		E01129C81DA9EE9100BB4B7E /* Build configuration list for PBXProject "familyGuyApp" */ = {
			isa = XCConfigurationList;
			buildConfigurations = (
				E01129DD1DA9EE9200BB4B7E /* Debug */,
				E01129DE1DA9EE9200BB4B7E /* Release */,
			);
			defaultConfigurationIsVisible = 0;
			defaultConfigurationName = Release;
		};
		E01129DF1DA9EE9200BB4B7E /* Build configuration list for PBXNativeTarget "familyGuyApp" */ = {
			isa = XCConfigurationList;
			buildConfigurations = (
				E01129E01DA9EE9200BB4B7E /* Debug */,
				E01129E11DA9EE9200BB4B7E /* Release */,
			);
			defaultConfigurationIsVisible = 0;
		};
/* End XCConfigurationList section */
	};
	rootObject = E01129C51DA9EE9100BB4B7E /* Project object */;
}
